// !$*UTF8*$!
{
	archiveVersion = 1;
	classes = {
	};
	objectVersion = 46;
	objects = {

/* Begin PBXBuildFile section */
		5D1DD7481CA31CD900E31000 /* GameBoard.swift in Sources */ = {isa = PBXBuildFile; fileRef = 5D1DD7471CA31CD900E31000 /* GameBoard.swift */; };
		5D28AB521CA07A9A00208CFA /* AppDelegate.swift in Sources */ = {isa = PBXBuildFile; fileRef = 5D28AB511CA07A9A00208CFA /* AppDelegate.swift */; };
		5D28AB541CA07A9A00208CFA /* ViewController.swift in Sources */ = {isa = PBXBuildFile; fileRef = 5D28AB531CA07A9A00208CFA /* ViewController.swift */; };
		5D28AB571CA07A9A00208CFA /* Main.storyboard in Resources */ = {isa = PBXBuildFile; fileRef = 5D28AB551CA07A9A00208CFA /* Main.storyboard */; };
		5D28AB591CA07A9A00208CFA /* Assets.xcassets in Resources */ = {isa = PBXBuildFile; fileRef = 5D28AB581CA07A9A00208CFA /* Assets.xcassets */; };
		5D28AB5C1CA07A9A00208CFA /* LaunchScreen.storyboard in Resources */ = {isa = PBXBuildFile; fileRef = 5D28AB5A1CA07A9A00208CFA /* LaunchScreen.storyboard */; };
		5D28AB661CA07C4C00208CFA /* Shape.swift in Sources */ = {isa = PBXBuildFile; fileRef = 5D28AB651CA07C4C00208CFA /* Shape.swift */; };
		5D28AB6A1CA08E0800208CFA /* Line.swift in Sources */ = {isa = PBXBuildFile; fileRef = 5D28AB691CA08E0800208CFA /* Line.swift */; };
		5D30E60D1CA5829400E658C8 /* DrawView.swift in Sources */ = {isa = PBXBuildFile; fileRef = 5D30E60C1CA5829400E658C8 /* DrawView.swift */; };
		5DA0E97A208E9698002358A8 /* Extensions.swift in Sources */ = {isa = PBXBuildFile; fileRef = 5DA0E979208E9698002358A8 /* Extensions.swift */; };
		5DAC097B1CC7009800DA242F /* Localizable.strings in Resources */ = {isa = PBXBuildFile; fileRef = 5DAC097A1CC7009800DA242F /* Localizable.strings */; };
/* End PBXBuildFile section */

/* Begin PBXFileReference section */
		5D1DD7471CA31CD900E31000 /* GameBoard.swift */ = {isa = PBXFileReference; fileEncoding = 4; lastKnownFileType = sourcecode.swift; path = GameBoard.swift; sourceTree = "<group>"; };
		5D28AB4E1CA07A9A00208CFA /* Draw Tic Tac Toe.app */ = {isa = PBXFileReference; explicitFileType = wrapper.application; includeInIndex = 0; path = "Draw Tic Tac Toe.app"; sourceTree = BUILT_PRODUCTS_DIR; };
		5D28AB511CA07A9A00208CFA /* AppDelegate.swift */ = {isa = PBXFileReference; lastKnownFileType = sourcecode.swift; path = AppDelegate.swift; sourceTree = "<group>"; };
		5D28AB531CA07A9A00208CFA /* ViewController.swift */ = {isa = PBXFileReference; lastKnownFileType = sourcecode.swift; path = ViewController.swift; sourceTree = "<group>"; };
		5D28AB561CA07A9A00208CFA /* Base */ = {isa = PBXFileReference; lastKnownFileType = file.storyboard; name = Base; path = Base.lproj/Main.storyboard; sourceTree = "<group>"; };
		5D28AB581CA07A9A00208CFA /* Assets.xcassets */ = {isa = PBXFileReference; lastKnownFileType = folder.assetcatalog; path = Assets.xcassets; sourceTree = "<group>"; };
		5D28AB5B1CA07A9A00208CFA /* Base */ = {isa = PBXFileReference; lastKnownFileType = file.storyboard; name = Base; path = Base.lproj/LaunchScreen.storyboard; sourceTree = "<group>"; };
		5D28AB5D1CA07A9A00208CFA /* Info.plist */ = {isa = PBXFileReference; lastKnownFileType = text.plist.xml; path = Info.plist; sourceTree = "<group>"; };
		5D28AB651CA07C4C00208CFA /* Shape.swift */ = {isa = PBXFileReference; fileEncoding = 4; lastKnownFileType = sourcecode.swift; path = Shape.swift; sourceTree = "<group>"; };
		5D28AB691CA08E0800208CFA /* Line.swift */ = {isa = PBXFileReference; fileEncoding = 4; lastKnownFileType = sourcecode.swift; path = Line.swift; sourceTree = "<group>"; };
		5D30E60C1CA5829400E658C8 /* DrawView.swift */ = {isa = PBXFileReference; fileEncoding = 4; lastKnownFileType = sourcecode.swift; path = DrawView.swift; sourceTree = "<group>"; };
		5DA0E979208E9698002358A8 /* Extensions.swift */ = {isa = PBXFileReference; fileEncoding = 4; lastKnownFileType = sourcecode.swift; path = Extensions.swift; sourceTree = "<group>"; };
		5DAC097A1CC7009800DA242F /* Localizable.strings */ = {isa = PBXFileReference; fileEncoding = 4; lastKnownFileType = text.plist.strings; path = Localizable.strings; sourceTree = "<group>"; };
/* End PBXFileReference section */

/* Begin PBXFrameworksBuildPhase section */
		5D28AB4B1CA07A9A00208CFA /* Frameworks */ = {
			isa = PBXFrameworksBuildPhase;
			buildActionMask = 2147483647;
			files = (
			);
			runOnlyForDeploymentPostprocessing = 0;
		};
/* End PBXFrameworksBuildPhase section */

/* Begin PBXGroup section */
		5D28AB451CA07A9A00208CFA = {
			isa = PBXGroup;
			children = (
				5D28AB501CA07A9A00208CFA /* Draw Tic Tac Toe */,
				5D28AB4F1CA07A9A00208CFA /* Products */,
			);
			sourceTree = "<group>";
		};
		5D28AB4F1CA07A9A00208CFA /* Products */ = {
			isa = PBXGroup;
			children = (
				5D28AB4E1CA07A9A00208CFA /* Draw Tic Tac Toe.app */,
			);
			name = Products;
			sourceTree = "<group>";
		};
		5D28AB501CA07A9A00208CFA /* Draw Tic Tac Toe */ = {
			isa = PBXGroup;
			children = (
				5D28AB511CA07A9A00208CFA /* AppDelegate.swift */,
				5D28AB531CA07A9A00208CFA /* ViewController.swift */,
				5D30E60C1CA5829400E658C8 /* DrawView.swift */,
				5D1DD7471CA31CD900E31000 /* GameBoard.swift */,
				5D28AB651CA07C4C00208CFA /* Shape.swift */,
				5D28AB691CA08E0800208CFA /* Line.swift */,
				5DA0E979208E9698002358A8 /* Extensions.swift */,
				5DAC097A1CC7009800DA242F /* Localizable.strings */,
				5D28AB551CA07A9A00208CFA /* Main.storyboard */,
				5D28AB581CA07A9A00208CFA /* Assets.xcassets */,
				5D28AB5A1CA07A9A00208CFA /* LaunchScreen.storyboard */,
				5D28AB5D1CA07A9A00208CFA /* Info.plist */,
			);
			path = "Draw Tic Tac Toe";
			sourceTree = "<group>";
		};
/* End PBXGroup section */

/* Begin PBXNativeTarget section */
		5D28AB4D1CA07A9A00208CFA /* Draw Tic Tac Toe */ = {
			isa = PBXNativeTarget;
			buildConfigurationList = 5D28AB601CA07A9A00208CFA /* Build configuration list for PBXNativeTarget "Draw Tic Tac Toe" */;
			buildPhases = (
				5D28AB4A1CA07A9A00208CFA /* Sources */,
				5D28AB4B1CA07A9A00208CFA /* Frameworks */,
				5D28AB4C1CA07A9A00208CFA /* Resources */,
			);
			buildRules = (
			);
			dependencies = (
			);
			name = "Draw Tic Tac Toe";
			productName = "Draw Tic Tac Toe";
			productReference = 5D28AB4E1CA07A9A00208CFA /* Draw Tic Tac Toe.app */;
			productType = "com.apple.product-type.application";
		};
/* End PBXNativeTarget section */

/* Begin PBXProject section */
		5D28AB461CA07A9A00208CFA /* Project object */ = {
			isa = PBXProject;
			attributes = {
				LastSwiftUpdateCheck = 0730;
				LastUpgradeCheck = 1030;
				ORGANIZATIONNAME = "Nicholas Arduini";
				TargetAttributes = {
					5D28AB4D1CA07A9A00208CFA = {
						CreatedOnToolsVersion = 7.3;
						DevelopmentTeam = UDGJ8L64CG;
						LastSwiftMigration = 0830;
						ProvisioningStyle = Automatic;
					};
				};
			};
			buildConfigurationList = 5D28AB491CA07A9A00208CFA /* Build configuration list for PBXProject "Draw Tic Tac Toe" */;
			compatibilityVersion = "Xcode 3.2";
			developmentRegion = en;
			hasScannedForEncodings = 0;
			knownRegions = (
				en,
				Base,
			);
			mainGroup = 5D28AB451CA07A9A00208CFA;
			productRefGroup = 5D28AB4F1CA07A9A00208CFA /* Products */;
			projectDirPath = "";
			projectRoot = "";
			targets = (
				5D28AB4D1CA07A9A00208CFA /* Draw Tic Tac Toe */,
			);
		};
/* End PBXProject section */

/* Begin PBXResourcesBuildPhase section */
		5D28AB4C1CA07A9A00208CFA /* Resources */ = {
			isa = PBXResourcesBuildPhase;
			buildActionMask = 2147483647;
			files = (
				5D28AB5C1CA07A9A00208CFA /* LaunchScreen.storyboard in Resources */,
				5DAC097B1CC7009800DA242F /* Localizable.strings in Resources */,
				5D28AB591CA07A9A00208CFA /* Assets.xcassets in Resources */,
				5D28AB571CA07A9A00208CFA /* Main.storyboard in Resources */,
			);
			runOnlyForDeploymentPostprocessing = 0;
		};
/* End PBXResourcesBuildPhase section */

/* Begin PBXSourcesBuildPhase section */
		5D28AB4A1CA07A9A00208CFA /* Sources */ = {
			isa = PBXSourcesBuildPhase;
			buildActionMask = 2147483647;
			files = (
				5D28AB541CA07A9A00208CFA /* ViewController.swift in Sources */,
				5D28AB521CA07A9A00208CFA /* AppDelegate.swift in Sources */,
				5D30E60D1CA5829400E658C8 /* DrawView.swift in Sources */,
				5D28AB661CA07C4C00208CFA /* Shape.swift in Sources */,
				5D1DD7481CA31CD900E31000 /* GameBoard.swift in Sources */,
				5D28AB6A1CA08E0800208CFA /* Line.swift in Sources */,
				5DA0E97A208E9698002358A8 /* Extensions.swift in Sources */,
			);
			runOnlyForDeploymentPostprocessing = 0;
		};
/* End PBXSourcesBuildPhase section */

/* Begin PBXVariantGroup section */
		5D28AB551CA07A9A00208CFA /* Main.storyboard */ = {
			isa = PBXVariantGroup;
			children = (
				5D28AB561CA07A9A00208CFA /* Base */,
			);
			name = Main.storyboard;
			sourceTree = "<group>";
		};
		5D28AB5A1CA07A9A00208CFA /* LaunchScreen.storyboard */ = {
			isa = PBXVariantGroup;
			children = (
				5D28AB5B1CA07A9A00208CFA /* Base */,
			);
			name = LaunchScreen.storyboard;
			sourceTree = "<group>";
		};
/* End PBXVariantGroup section */

/* Begin XCBuildConfiguration section */
		5D28AB5E1CA07A9A00208CFA /* Debug */ = {
			isa = XCBuildConfiguration;
			buildSettings = {
				ALWAYS_SEARCH_USER_PATHS = NO;
				CLANG_ANALYZER_LOCALIZABILITY_NONLOCALIZED = YES;
				CLANG_ANALYZER_NONNULL = YES;
				CLANG_CXX_LANGUAGE_STANDARD = "gnu++0x";
				CLANG_CXX_LIBRARY = "libc++";
				CLANG_ENABLE_MODULES = YES;
				CLANG_ENABLE_OBJC_ARC = YES;
				CLANG_WARN_BLOCK_CAPTURE_AUTORELEASING = YES;
				CLANG_WARN_BOOL_CONVERSION = YES;
				CLANG_WARN_COMMA = YES;
				CLANG_WARN_CONSTANT_CONVERSION = YES;
				CLANG_WARN_DEPRECATED_OBJC_IMPLEMENTATIONS = YES;
				CLANG_WARN_DIRECT_OBJC_ISA_USAGE = YES_ERROR;
				CLANG_WARN_EMPTY_BODY = YES;
				CLANG_WARN_ENUM_CONVERSION = YES;
				CLANG_WARN_INFINITE_RECURSION = YES;
				CLANG_WARN_INT_CONVERSION = YES;
				CLANG_WARN_NON_LITERAL_NULL_CONVERSION = YES;
				CLANG_WARN_OBJC_IMPLICIT_RETAIN_SELF = YES;
				CLANG_WARN_OBJC_LITERAL_CONVERSION = YES;
				CLANG_WARN_OBJC_ROOT_CLASS = YES_ERROR;
				CLANG_WARN_RANGE_LOOP_ANALYSIS = YES;
				CLANG_WARN_STRICT_PROTOTYPES = YES;
				CLANG_WARN_SUSPICIOUS_MOVE = YES;
				CLANG_WARN_UNREACHABLE_CODE = YES;
				CLANG_WARN__DUPLICATE_METHOD_MATCH = YES;
				CODE_SIGN_IDENTITY = "iPhone Distribution: Nicholas Arduini (UDGJ8L64CG)";
				"CODE_SIGN_IDENTITY[sdk=iphoneos*]" = "iPhone Distribution: Nicholas Arduini (UDGJ8L64CG)";
				COPY_PHASE_STRIP = NO;
				DEBUG_INFORMATION_FORMAT = dwarf;
				ENABLE_STRICT_OBJC_MSGSEND = YES;
				ENABLE_TESTABILITY = YES;
				GCC_C_LANGUAGE_STANDARD = gnu99;
				GCC_DYNAMIC_NO_PIC = NO;
				GCC_NO_COMMON_BLOCKS = YES;
				GCC_OPTIMIZATION_LEVEL = 0;
				GCC_PREPROCESSOR_DEFINITIONS = (
					"DEBUG=1",
					"$(inherited)",
				);
				GCC_WARN_64_TO_32_BIT_CONVERSION = YES;
				GCC_WARN_ABOUT_RETURN_TYPE = YES_ERROR;
				GCC_WARN_UNDECLARED_SELECTOR = YES;
				GCC_WARN_UNINITIALIZED_AUTOS = YES_AGGRESSIVE;
				GCC_WARN_UNUSED_FUNCTION = YES;
				GCC_WARN_UNUSED_VARIABLE = YES;
				IPHONEOS_DEPLOYMENT_TARGET = 8.0;
				MTL_ENABLE_DEBUG_INFO = YES;
				ONLY_ACTIVE_ARCH = YES;
				PROVISIONING_PROFILE = "";
				SDKROOT = iphoneos;
				SWIFT_OPTIMIZATION_LEVEL = "-Onone";
				TARGETED_DEVICE_FAMILY = "1,2";
			};
			name = Debug;
		};
		5D28AB5F1CA07A9A00208CFA /* Release */ = {
			isa = XCBuildConfiguration;
			buildSettings = {
				ALWAYS_SEARCH_USER_PATHS = NO;
				CLANG_ANALYZER_LOCALIZABILITY_NONLOCALIZED = YES;
				CLANG_ANALYZER_NONNULL = YES;
				CLANG_CXX_LANGUAGE_STANDARD = "gnu++0x";
				CLANG_CXX_LIBRARY = "libc++";
				CLANG_ENABLE_MODULES = YES;
				CLANG_ENABLE_OBJC_ARC = YES;
				CLANG_WARN_BLOCK_CAPTURE_AUTORELEASING = YES;
				CLANG_WARN_BOOL_CONVERSION = YES;
				CLANG_WARN_COMMA = YES;
				CLANG_WARN_CONSTANT_CONVERSION = YES;
				CLANG_WARN_DEPRECATED_OBJC_IMPLEMENTATIONS = YES;
				CLANG_WARN_DIRECT_OBJC_ISA_USAGE = YES_ERROR;
				CLANG_WARN_EMPTY_BODY = YES;
				CLANG_WARN_ENUM_CONVERSION = YES;
				CLANG_WARN_INFINITE_RECURSION = YES;
				CLANG_WARN_INT_CONVERSION = YES;
				CLANG_WARN_NON_LITERAL_NULL_CONVERSION = YES;
				CLANG_WARN_OBJC_IMPLICIT_RETAIN_SELF = YES;
				CLANG_WARN_OBJC_LITERAL_CONVERSION = YES;
				CLANG_WARN_OBJC_ROOT_CLASS = YES_ERROR;
				CLANG_WARN_RANGE_LOOP_ANALYSIS = YES;
				CLANG_WARN_STRICT_PROTOTYPES = YES;
				CLANG_WARN_SUSPICIOUS_MOVE = YES;
				CLANG_WARN_UNREACHABLE_CODE = YES;
				CLANG_WARN__DUPLICATE_METHOD_MATCH = YES;
				CODE_SIGN_IDENTITY = "iPhone Distribution: Nicholas Arduini (UDGJ8L64CG)";
				"CODE_SIGN_IDENTITY[sdk=iphoneos*]" = "iPhone Distribution: Nicholas Arduini (UDGJ8L64CG)";
				COPY_PHASE_STRIP = NO;
				DEBUG_INFORMATION_FORMAT = "dwarf-with-dsym";
				ENABLE_NS_ASSERTIONS = NO;
				ENABLE_STRICT_OBJC_MSGSEND = YES;
				GCC_C_LANGUAGE_STANDARD = gnu99;
				GCC_NO_COMMON_BLOCKS = YES;
				GCC_WARN_64_TO_32_BIT_CONVERSION = YES;
				GCC_WARN_ABOUT_RETURN_TYPE = YES_ERROR;
				GCC_WARN_UNDECLARED_SELECTOR = YES;
				GCC_WARN_UNINITIALIZED_AUTOS = YES_AGGRESSIVE;
				GCC_WARN_UNUSED_FUNCTION = YES;
				GCC_WARN_UNUSED_VARIABLE = YES;
				IPHONEOS_DEPLOYMENT_TARGET = 8.0;
				MTL_ENABLE_DEBUG_INFO = NO;
				PROVISIONING_PROFILE = "";
				SDKROOT = iphoneos;
				SWIFT_COMPILATION_MODE = wholemodule;
				TARGETED_DEVICE_FAMILY = "1,2";
				VALIDATE_PRODUCT = YES;
			};
			name = Release;
		};
		5D28AB611CA07A9A00208CFA /* Debug */ = {
			isa = XCBuildConfiguration;
			buildSettings = {
				ASSETCATALOG_COMPILER_APPICON_NAME = AppIcon;
				CODE_SIGN_IDENTITY = "iPhone Distribution: Nicholas Arduini (UDGJ8L64CG)";
				"CODE_SIGN_IDENTITY[sdk=iphoneos*]" = "iPhone Developer";
				CODE_SIGN_STYLE = Automatic;
				DEVELOPMENT_TEAM = UDGJ8L64CG;
				INFOPLIST_FILE = "Draw Tic Tac Toe/Info.plist";
				IPHONEOS_DEPLOYMENT_TARGET = 8.0;
				LD_RUNPATH_SEARCH_PATHS = "$(inherited) @executable_path/Frameworks";
				PRODUCT_BUNDLE_IDENTIFIER = DrawTicTacToe.DrawTicTacToe;
				PRODUCT_NAME = "$(TARGET_NAME)";
				PROVISIONING_PROFILE = "";
				PROVISIONING_PROFILE_SPECIFIER = "";
				SWIFT_VERSION = 4.0;
			};
			name = Debug;
		};
		5D28AB621CA07A9A00208CFA /* Release */ = {
			isa = XCBuildConfiguration;
			buildSettings = {
				ASSETCATALOG_COMPILER_APPICON_NAME = AppIcon;
				CODE_SIGN_IDENTITY = "iPhone Distribution: Nicholas Arduini (UDGJ8L64CG)";
				"CODE_SIGN_IDENTITY[sdk=iphoneos*]" = "iPhone Developer";
				CODE_SIGN_STYLE = Automatic;
				DEVELOPMENT_TEAM = UDGJ8L64CG;
				INFOPLIST_FILE = "Draw Tic Tac Toe/Info.plist";
				IPHONEOS_DEPLOYMENT_TARGET = 8.0;
				LD_RUNPATH_SEARCH_PATHS = "$(inherited) @executable_path/Frameworks";
				PRODUCT_BUNDLE_IDENTIFIER = DrawTicTacToe.DrawTicTacToe;
				PRODUCT_NAME = "$(TARGET_NAME)";
				PROVISIONING_PROFILE = "";
				PROVISIONING_PROFILE_SPECIFIER = "";
				SWIFT_VERSION = 4.0;
			};
			name = Release;
		};
		5DF5CADF1CCACEAB00AF88BA /* Distribution */ = {
			isa = XCBuildConfiguration;
			buildSettings = {
				ALWAYS_SEARCH_USER_PATHS = NO;
				CLANG_ANALYZER_LOCALIZABILITY_NONLOCALIZED = YES;
				CLANG_ANALYZER_NONNULL = YES;
				CLANG_CXX_LANGUAGE_STANDARD = "gnu++0x";
				CLANG_CXX_LIBRARY = "libc++";
				CLANG_ENABLE_MODULES = YES;
				CLANG_ENABLE_OBJC_ARC = YES;
				CLANG_WARN_BLOCK_CAPTURE_AUTORELEASING = YES;
				CLANG_WARN_BOOL_CONVERSION = YES;
				CLANG_WARN_COMMA = YES;
				CLANG_WARN_CONSTANT_CONVERSION = YES;
				CLANG_WARN_DEPRECATED_OBJC_IMPLEMENTATIONS = YES;
				CLANG_WARN_DIRECT_OBJC_ISA_USAGE = YES_ERROR;
				CLANG_WARN_EMPTY_BODY = YES;
				CLANG_WARN_ENUM_CONVERSION = YES;
				CLANG_WARN_INFINITE_RECURSION = YES;
				CLANG_WARN_INT_CONVERSION = YES;
				CLANG_WARN_NON_LITERAL_NULL_CONVERSION = YES;
				CLANG_WARN_OBJC_IMPLICIT_RETAIN_SELF = YES;
				CLANG_WARN_OBJC_LITERAL_CONVERSION = YES;
				CLANG_WARN_OBJC_ROOT_CLASS = YES_ERROR;
				CLANG_WARN_RANGE_LOOP_ANALYSIS = YES;
				CLANG_WARN_STRICT_PROTOTYPES = YES;
				CLANG_WARN_SUSPICIOUS_MOVE = YES;
				CLANG_WARN_UNREACHABLE_CODE = YES;
				CLANG_WARN__DUPLICATE_METHOD_MATCH = YES;
				CODE_SIGN_IDENTITY = "iPhone Distribution: Nicholas Arduini (UDGJ8L64CG)";
				"CODE_SIGN_IDENTITY[sdk=iphoneos*]" = "iPhone Distribution: Nicholas Arduini (UDGJ8L64CG)";
				COPY_PHASE_STRIP = NO;
				DEBUG_INFORMATION_FORMAT = "dwarf-with-dsym";
				ENABLE_NS_ASSERTIONS = NO;
				ENABLE_STRICT_OBJC_MSGSEND = YES;
				GCC_C_LANGUAGE_STANDARD = gnu99;
				GCC_NO_COMMON_BLOCKS = YES;
				GCC_WARN_64_TO_32_BIT_CONVERSION = YES;
				GCC_WARN_ABOUT_RETURN_TYPE = YES_ERROR;
				GCC_WARN_UNDECLARED_SELECTOR = YES;
				GCC_WARN_UNINITIALIZED_AUTOS = YES_AGGRESSIVE;
				GCC_WARN_UNUSED_FUNCTION = YES;
				GCC_WARN_UNUSED_VARIABLE = YES;
				IPHONEOS_DEPLOYMENT_TARGET = 8.0;
				MTL_ENABLE_DEBUG_INFO = NO;
				PROVISIONING_PROFILE = "";
				SDKROOT = iphoneos;
				TARGETED_DEVICE_FAMILY = "1,2";
				VALIDATE_PRODUCT = YES;
			};
			name = Distribution;
		};
		5DF5CAE01CCACEAB00AF88BA /* Distribution */ = {
			isa = XCBuildConfiguration;
			buildSettings = {
				ASSETCATALOG_COMPILER_APPICON_NAME = AppIcon;
				CODE_SIGN_IDENTITY = "iPhone Distribution: Nicholas Arduini (UDGJ8L64CG)";
				"CODE_SIGN_IDENTITY[sdk=iphoneos*]" = "iPhone Developer";
				CODE_SIGN_STYLE = Automatic;
				DEVELOPMENT_TEAM = UDGJ8L64CG;
				INFOPLIST_FILE = "Draw Tic Tac Toe/Info.plist";
				IPHONEOS_DEPLOYMENT_TARGET = 8.0;
				LD_RUNPATH_SEARCH_PATHS = "$(inherited) @executable_path/Frameworks";
				PRODUCT_BUNDLE_IDENTIFIER = DrawTicTacToe.DrawTicTacToe;
				PRODUCT_NAME = "$(TARGET_NAME)";
				PROVISIONING_PROFILE = "";
				PROVISIONING_PROFILE_SPECIFIER = "";
				SWIFT_VERSION = 4.0;
			};
			name = Distribution;
		};
/* End XCBuildConfiguration section */

/* Begin XCConfigurationList section */
		5D28AB491CA07A9A00208CFA /* Build configuration list for PBXProject "Draw Tic Tac Toe" */ = {
			isa = XCConfigurationList;
			buildConfigurations = (
				5D28AB5E1CA07A9A00208CFA /* Debug */,
				5D28AB5F1CA07A9A00208CFA /* Release */,
				5DF5CADF1CCACEAB00AF88BA /* Distribution */,
			);
			defaultConfigurationIsVisible = 0;
			defaultConfigurationName = Release;
		};
		5D28AB601CA07A9A00208CFA /* Build configuration list for PBXNativeTarget "Draw Tic Tac Toe" */ = {
			isa = XCConfigurationList;
			buildConfigurations = (
				5D28AB611CA07A9A00208CFA /* Debug */,
				5D28AB621CA07A9A00208CFA /* Release */,
				5DF5CAE01CCACEAB00AF88BA /* Distribution */,
			);
			defaultConfigurationIsVisible = 0;
			defaultConfigurationName = Release;
		};
/* End XCConfigurationList section */
	};
	rootObject = 5D28AB461CA07A9A00208CFA /* Project object */;
}
